
Microsoft Visual Studio Solution File, Format Version 12.00
# Visual Studio Version 17
VisualStudioVersion = 17.5.33530.505
MinimumVisualStudioVersion = 10.0.40219.1
Project("{FAE04EC0-301F-11D3-BF4B-00C04F79EFBC}") = "weatherUploader", "weatherUploader\weatherUploader.csproj", "{4E1CB534-A834-42B1-859E-C548DD8253C0}"
EndProject
Global
	GlobalSection(SolutionConfigurationPlatforms) = preSolution
		Debug|Any CPU = Debug|Any CPU
		Release|Any CPU = Release|Any CPU
	EndGlobalSection
	GlobalSection(ProjectConfigurationPlatforms) = postSolution
		{4E1CB534-A834-42B1-859E-C548DD8253C0}.Debug|Any CPU.ActiveCfg = Debug|Any CPU
		{4E1CB534-A834-42B1-859E-C548DD8253C0}.Debug|Any CPU.Build.0 = Debug|Any CPU
		{4E1CB534-A834-42B1-859E-C548DD8253C0}.Release|Any CPU.ActiveCfg = Release|Any CPU
		{4E1CB534-A834-42B1-859E-C548DD8253C0}.Release|Any CPU.Build.0 = Release|Any CPU
	EndGlobalSection
	GlobalSection(SolutionProperties) = preSolution
		HideSolutionNode = FALSE
	EndGlobalSection
	GlobalSection(ExtensibilityGlobals) = postSolution
		SolutionGuid = {A241029B-12B7-4780-B752-433512AB89D4}
	EndGlobalSection
EndGlobal
